# This file is automatically @generated by Poetry and should not be changed by hand.

[[package]]
name = "meeseeks-singleton"
version = "0.4.2"
description = "A Singleton python project"
category = "main"
optional = false
python-versions = ">=3.8,<4.0"
files = [
    {file = "meeseeks_singleton-0.4.2-py3-none-any.whl", hash = "sha256:d59d715c418f90a1215b972ff789b60d1121daac58e9b6eada348a4b66c4aa9d"},
    {file = "meeseeks_singleton-0.4.2.tar.gz", hash = "sha256:03373dd9f484925cf667de56c6c45a1a1120cb06df29fd0d98021be127dbb8ce"},
]

[metadata]
lock-version = "2.0"
python-versions = "^3.10"
content-hash = "8fea9f3c032bd0671cd66ec5b39796370e399ce2a68ba4931d1b5e8a5ae1ea83"
